
Microsoft Visual Studio Solution File, Format Version 12.00
Project("{FAE04EC0-301F-11D3-BF4B-00C04F79EFBC}") = "aaHelpers", "aaHelpers\aaHelpers.csproj", "{4702C405-CB18-44FE-A678-B35F0BB3ADC4}"
EndProject
Project("{2150E333-8FDC-42A3-9474-1A3956D46DE8}") = "Tests", "Tests", "{05E964A5-348D-47DC-A91D-C701A6D09A97}"
EndProject
Project("{FAE04EC0-301F-11D3-BF4B-00C04F79EFBC}") = "aaHelpers.Tests", "..\tests\aaHelpers.Tests\aaHelpers.Tests.csproj", "{5EEFD438-5BA0-4AB3-80A8-3104944C0C8F}"
EndProject
Global
	GlobalSection(SolutionConfigurationPlatforms) = preSolution
		Debug|Any CPU = Debug|Any CPU
		Release|Any CPU = Release|Any CPU
	EndGlobalSection
	GlobalSection(ProjectConfigurationPlatforms) = postSolution
		{4702C405-CB18-44FE-A678-B35F0BB3ADC4}.Debug|Any CPU.ActiveCfg = Debug|Any CPU
		{4702C405-CB18-44FE-A678-B35F0BB3ADC4}.Debug|Any CPU.Build.0 = Debug|Any CPU
		{4702C405-CB18-44FE-A678-B35F0BB3ADC4}.Release|Any CPU.ActiveCfg = Release|Any CPU
		{4702C405-CB18-44FE-A678-B35F0BB3ADC4}.Release|Any CPU.Build.0 = Release|Any CPU
		{5EEFD438-5BA0-4AB3-80A8-3104944C0C8F}.Debug|Any CPU.ActiveCfg = Debug|Any CPU
		{5EEFD438-5BA0-4AB3-80A8-3104944C0C8F}.Debug|Any CPU.Build.0 = Debug|Any CPU
		{5EEFD438-5BA0-4AB3-80A8-3104944C0C8F}.Release|Any CPU.ActiveCfg = Release|Any CPU
		{5EEFD438-5BA0-4AB3-80A8-3104944C0C8F}.Release|Any CPU.Build.0 = Release|Any CPU
	EndGlobalSection
	GlobalSection(NestedProjects) = preSolution
		{5EEFD438-5BA0-4AB3-80A8-3104944C0C8F} = {05E964A5-348D-47DC-A91D-C701A6D09A97}
	EndGlobalSection
EndGlobal
